
Microsoft Visual Studio Solution File, Format Version 12.00
# Visual Studio Version 16
VisualStudioVersion = 16.0.30128.74
MinimumVisualStudioVersion = 10.0.40219.1
Project("{2150E333-8FDC-42A3-9474-1A3956D46DE8}") = "Microservices", "Microservices", "{40F2B7D6-D171-4250-AE35-D7DD4BEC1AC0}"
EndProject
Project("{2150E333-8FDC-42A3-9474-1A3956D46DE8}") = "Domain", "Domain", "{11FAB271-E03A-4741-BE1E-E21D7089C52E}"
EndProject
Project("{2150E333-8FDC-42A3-9474-1A3956D46DE8}") = "Infra.Bus", "Infra.Bus", "{580D87B0-1646-418B-AD08-027678821E5C}"
EndProject
Project("{2150E333-8FDC-42A3-9474-1A3956D46DE8}") = "Infra.IoC", "Infra.IoC", "{DD388E94-DB2A-449B-9E1E-95BC294D5E83}"
EndProject
Project("{2150E333-8FDC-42A3-9474-1A3956D46DE8}") = "Presentation", "Presentation", "{B6B33326-1559-457F-B984-656065B1BFE5}"
EndProject
Project("{9A19103F-16F7-4668-BE54-9A1E7A4F7556}") = "MicroRabbit.Domain.Core", "MicroRabbit.Domain.Core\MicroRabbit.Domain.Core.csproj", "{8B647C98-F456-4798-9242-733C00960070}"
EndProject
Project("{9A19103F-16F7-4668-BE54-9A1E7A4F7556}") = "MicroRabbit.Infra.Bus", "MicroRabbit.Infra.Bus\MicroRabbit.Infra.Bus.csproj", "{FC933A8E-65F0-4C1F-8E63-E349AD11AFA9}"
EndProject
Project("{FAE04EC0-301F-11D3-BF4B-00C04F79EFBC}") = "MicroRabbit.Infra.IoC", "MicroRabbit.Infra.IoC\MicroRabbit.Infra.IoC.csproj", "{F0C1578D-B177-4796-ABB2-9131226A0358}"
EndProject
Project("{2150E333-8FDC-42A3-9474-1A3956D46DE8}") = "Banking", "Banking", "{AF925C7C-4532-4959-96DE-BFFCE1D8ED53}"
EndProject
Project("{2150E333-8FDC-42A3-9474-1A3956D46DE8}") = "Api", "Api", "{1C1BD12E-474B-4D58-9BEB-7C4692C51AB4}"
EndProject
Project("{2150E333-8FDC-42A3-9474-1A3956D46DE8}") = "Domain", "Domain", "{231F5D07-B28E-4E3B-AA1B-225DA90E7BC5}"
EndProject
Project("{2150E333-8FDC-42A3-9474-1A3956D46DE8}") = "Application", "Application", "{575E2C08-1F50-498F-931C-718CEE39E4A7}"
EndProject
Project("{2150E333-8FDC-42A3-9474-1A3956D46DE8}") = "Data", "Data", "{A918742E-EA6C-4935-8535-E6E709422959}"
EndProject
Project("{FAE04EC0-301F-11D3-BF4B-00C04F79EFBC}") = "MicroRabbit.Banking.Api", "MicroRabbit.Banking.Api\MicroRabbit.Banking.Api.csproj", "{0D3D4541-C311-46C8-A0D2-7CCF7E3B2B6B}"
EndProject
Project("{FAE04EC0-301F-11D3-BF4B-00C04F79EFBC}") = "MicroRabbit.Banking.Application", "MicroRabbit.Banking.Application\MicroRabbit.Banking.Application.csproj", "{2422318F-BCE5-471F-B02E-83649BB2C646}"
EndProject
Project("{FAE04EC0-301F-11D3-BF4B-00C04F79EFBC}") = "MicroRabbit.Banking.Data", "MicroRabbit.Banking.Data\MicroRabbit.Banking.Data.csproj", "{210BD01C-37F9-477F-8DBA-8C82066C248D}"
EndProject
Project("{FAE04EC0-301F-11D3-BF4B-00C04F79EFBC}") = "MicroRabbit.Banking.Domain", "MicroRabbit.Banking.Domain\MicroRabbit.Banking.Domain.csproj", "{A6CE52A6-566C-47A1-BF3A-754D91A205A9}"
EndProject
Global
	GlobalSection(SolutionConfigurationPlatforms) = preSolution
		Debug|Any CPU = Debug|Any CPU
		Release|Any CPU = Release|Any CPU
	EndGlobalSection
	GlobalSection(ProjectConfigurationPlatforms) = postSolution
		{8B647C98-F456-4798-9242-733C00960070}.Debug|Any CPU.ActiveCfg = Debug|Any CPU
		{8B647C98-F456-4798-9242-733C00960070}.Debug|Any CPU.Build.0 = Debug|Any CPU
		{8B647C98-F456-4798-9242-733C00960070}.Release|Any CPU.ActiveCfg = Release|Any CPU
		{8B647C98-F456-4798-9242-733C00960070}.Release|Any CPU.Build.0 = Release|Any CPU
		{FC933A8E-65F0-4C1F-8E63-E349AD11AFA9}.Debug|Any CPU.ActiveCfg = Debug|Any CPU
		{FC933A8E-65F0-4C1F-8E63-E349AD11AFA9}.Debug|Any CPU.Build.0 = Debug|Any CPU
		{FC933A8E-65F0-4C1F-8E63-E349AD11AFA9}.Release|Any CPU.ActiveCfg = Release|Any CPU
		{FC933A8E-65F0-4C1F-8E63-E349AD11AFA9}.Release|Any CPU.Build.0 = Release|Any CPU
		{F0C1578D-B177-4796-ABB2-9131226A0358}.Debug|Any CPU.ActiveCfg = Debug|Any CPU
		{F0C1578D-B177-4796-ABB2-9131226A0358}.Debug|Any CPU.Build.0 = Debug|Any CPU
		{F0C1578D-B177-4796-ABB2-9131226A0358}.Release|Any CPU.ActiveCfg = Release|Any CPU
		{F0C1578D-B177-4796-ABB2-9131226A0358}.Release|Any CPU.Build.0 = Release|Any CPU
		{0D3D4541-C311-46C8-A0D2-7CCF7E3B2B6B}.Debug|Any CPU.ActiveCfg = Debug|Any CPU
		{0D3D4541-C311-46C8-A0D2-7CCF7E3B2B6B}.Debug|Any CPU.Build.0 = Debug|Any CPU
		{0D3D4541-C311-46C8-A0D2-7CCF7E3B2B6B}.Release|Any CPU.ActiveCfg = Release|Any CPU
		{0D3D4541-C311-46C8-A0D2-7CCF7E3B2B6B}.Release|Any CPU.Build.0 = Release|Any CPU
		{2422318F-BCE5-471F-B02E-83649BB2C646}.Debug|Any CPU.ActiveCfg = Debug|Any CPU
		{2422318F-BCE5-471F-B02E-83649BB2C646}.Debug|Any CPU.Build.0 = Debug|Any CPU
		{2422318F-BCE5-471F-B02E-83649BB2C646}.Release|Any CPU.ActiveCfg = Release|Any CPU
		{2422318F-BCE5-471F-B02E-83649BB2C646}.Release|Any CPU.Build.0 = Release|Any CPU
		{210BD01C-37F9-477F-8DBA-8C82066C248D}.Debug|Any CPU.ActiveCfg = Debug|Any CPU
		{210BD01C-37F9-477F-8DBA-8C82066C248D}.Debug|Any CPU.Build.0 = Debug|Any CPU
		{210BD01C-37F9-477F-8DBA-8C82066C248D}.Release|Any CPU.ActiveCfg = Release|Any CPU
		{210BD01C-37F9-477F-8DBA-8C82066C248D}.Release|Any CPU.Build.0 = Release|Any CPU
		{A6CE52A6-566C-47A1-BF3A-754D91A205A9}.Debug|Any CPU.ActiveCfg = Debug|Any CPU
		{A6CE52A6-566C-47A1-BF3A-754D91A205A9}.Debug|Any CPU.Build.0 = Debug|Any CPU
		{A6CE52A6-566C-47A1-BF3A-754D91A205A9}.Release|Any CPU.ActiveCfg = Release|Any CPU
		{A6CE52A6-566C-47A1-BF3A-754D91A205A9}.Release|Any CPU.Build.0 = Release|Any CPU
	EndGlobalSection
	GlobalSection(SolutionProperties) = preSolution
		HideSolutionNode = FALSE
	EndGlobalSection
	GlobalSection(NestedProjects) = preSolution
		{8B647C98-F456-4798-9242-733C00960070} = {11FAB271-E03A-4741-BE1E-E21D7089C52E}
		{FC933A8E-65F0-4C1F-8E63-E349AD11AFA9} = {580D87B0-1646-418B-AD08-027678821E5C}
		{F0C1578D-B177-4796-ABB2-9131226A0358} = {DD388E94-DB2A-449B-9E1E-95BC294D5E83}
		{AF925C7C-4532-4959-96DE-BFFCE1D8ED53} = {40F2B7D6-D171-4250-AE35-D7DD4BEC1AC0}
		{1C1BD12E-474B-4D58-9BEB-7C4692C51AB4} = {AF925C7C-4532-4959-96DE-BFFCE1D8ED53}
		{231F5D07-B28E-4E3B-AA1B-225DA90E7BC5} = {AF925C7C-4532-4959-96DE-BFFCE1D8ED53}
		{575E2C08-1F50-498F-931C-718CEE39E4A7} = {AF925C7C-4532-4959-96DE-BFFCE1D8ED53}
		{A918742E-EA6C-4935-8535-E6E709422959} = {AF925C7C-4532-4959-96DE-BFFCE1D8ED53}
		{0D3D4541-C311-46C8-A0D2-7CCF7E3B2B6B} = {1C1BD12E-474B-4D58-9BEB-7C4692C51AB4}
		{2422318F-BCE5-471F-B02E-83649BB2C646} = {575E2C08-1F50-498F-931C-718CEE39E4A7}
		{210BD01C-37F9-477F-8DBA-8C82066C248D} = {A918742E-EA6C-4935-8535-E6E709422959}
		{A6CE52A6-566C-47A1-BF3A-754D91A205A9} = {231F5D07-B28E-4E3B-AA1B-225DA90E7BC5}
	EndGlobalSection
	GlobalSection(ExtensibilityGlobals) = postSolution
		SolutionGuid = {17FF3136-577F-40F1-BC83-D29B3890D766}
	EndGlobalSection
EndGlobal
