
Microsoft Visual Studio Solution File, Format Version 12.00
# Visual Studio Version 16
VisualStudioVersion = 16.0.30128.74
MinimumVisualStudioVersion = 10.0.40219.1
Project("{2150E333-8FDC-42A3-9474-1A3956D46DE8}") = "Microservices", "Microservices", "{40F2B7D6-D171-4250-AE35-D7DD4BEC1AC0}"
EndProject
Project("{2150E333-8FDC-42A3-9474-1A3956D46DE8}") = "Domain", "Domain", "{11FAB271-E03A-4741-BE1E-E21D7089C52E}"
EndProject
Project("{2150E333-8FDC-42A3-9474-1A3956D46DE8}") = "Infra.Bus", "Infra.Bus", "{580D87B0-1646-418B-AD08-027678821E5C}"
EndProject
Project("{2150E333-8FDC-42A3-9474-1A3956D46DE8}") = "Infra.IoC", "Infra.IoC", "{DD388E94-DB2A-449B-9E1E-95BC294D5E83}"
EndProject
Project("{2150E333-8FDC-42A3-9474-1A3956D46DE8}") = "Presentation", "Presentation", "{B6B33326-1559-457F-B984-656065B1BFE5}"
EndProject
Project("{2150E333-8FDC-42A3-9474-1A3956D46DE8}") = "Banking", "Banking", "{AF925C7C-4532-4959-96DE-BFFCE1D8ED53}"
EndProject
Project("{2150E333-8FDC-42A3-9474-1A3956D46DE8}") = "Api", "Api", "{1C1BD12E-474B-4D58-9BEB-7C4692C51AB4}"
EndProject
Project("{2150E333-8FDC-42A3-9474-1A3956D46DE8}") = "Domain", "Domain", "{231F5D07-B28E-4E3B-AA1B-225DA90E7BC5}"
EndProject
Project("{2150E333-8FDC-42A3-9474-1A3956D46DE8}") = "Application", "Application", "{575E2C08-1F50-498F-931C-718CEE39E4A7}"
EndProject
Project("{2150E333-8FDC-42A3-9474-1A3956D46DE8}") = "Data", "Data", "{A918742E-EA6C-4935-8535-E6E709422959}"
EndProject
Project("{9A19103F-16F7-4668-BE54-9A1E7A4F7556}") = "MicroRabbit.Banking.Api", "MicroRabbit.Banking.Api\MicroRabbit.Banking.Api.csproj", "{0D3D4541-C311-46C8-A0D2-7CCF7E3B2B6B}"
EndProject
Project("{9A19103F-16F7-4668-BE54-9A1E7A4F7556}") = "MicroRabbit.Banking.Domain", "MicroRabbit.Banking.Domain\MicroRabbit.Banking.Domain.csproj", "{28FBC631-5CD1-4225-9063-664FE509C0F3}"
EndProject
Project("{9A19103F-16F7-4668-BE54-9A1E7A4F7556}") = "MicroRabbit.Banking.Data", "MicroRabbit.Banking.Data\MicroRabbit.Banking.Data.csproj", "{599D691B-1F82-4E06-AD04-5FD237A1675B}"
EndProject
Project("{9A19103F-16F7-4668-BE54-9A1E7A4F7556}") = "MicroRabbit.Banking.Application", "MicroRabbit.Banking.Application\MicroRabbit.Banking.Application.csproj", "{C56595A4-06F1-4F6B-92FF-3BE33594B1E6}"
EndProject
Project("{9A19103F-16F7-4668-BE54-9A1E7A4F7556}") = "MicroRabbit.Domain.Core", "MicroRabbit.Domain.Core\MicroRabbit.Domain.Core.csproj", "{93A8744D-2B6A-475C-A866-C0D59226EB97}"
EndProject
Project("{9A19103F-16F7-4668-BE54-9A1E7A4F7556}") = "MicroRabbit.Infra.Bus", "MicroRabbit.Infra.Bus\MicroRabbit.Infra.Bus.csproj", "{A40E96BA-FF24-41AA-8E6F-99B75C564F41}"
EndProject
Project("{9A19103F-16F7-4668-BE54-9A1E7A4F7556}") = "MicroRabbit.Infra.IoC", "MicroRabbit.Infra.IoC\MicroRabbit.Infra.IoC.csproj", "{9A046DA0-532E-4352-B9E4-064CEF6D60C0}"
EndProject
Project("{2150E333-8FDC-42A3-9474-1A3956D46DE8}") = "Transfer", "Transfer", "{3D0035D3-ED2F-4709-BC6C-EE450E88A954}"
EndProject
Project("{2150E333-8FDC-42A3-9474-1A3956D46DE8}") = "Api", "Api", "{5EFE7E21-3661-4C6C-B483-3B3987410695}"
EndProject
Project("{2150E333-8FDC-42A3-9474-1A3956D46DE8}") = "Application", "Application", "{422D4E4C-3118-4EA0-86F9-70FCC720F55C}"
EndProject
Project("{2150E333-8FDC-42A3-9474-1A3956D46DE8}") = "Data", "Data", "{00D19498-CEFA-4F50-807C-DE653ADFCB56}"
EndProject
Project("{2150E333-8FDC-42A3-9474-1A3956D46DE8}") = "Domain", "Domain", "{F382E587-C888-4F0C-8505-87C5E28B3B27}"
EndProject
Project("{FAE04EC0-301F-11D3-BF4B-00C04F79EFBC}") = "MicroRabbit.Transfer.Api", "MicroRabbit.Transfer.Api\MicroRabbit.Transfer.Api.csproj", "{44F6D7F1-21E4-4283-901E-1CC385FF83FB}"
EndProject
Project("{FAE04EC0-301F-11D3-BF4B-00C04F79EFBC}") = "MicroRabbit.Transfer.Application", "MicroRabbit.transfer.Application\MicroRabbit.Transfer.Application.csproj", "{0D245D90-1457-4F81-A858-1DC9463C9310}"
EndProject
Project("{FAE04EC0-301F-11D3-BF4B-00C04F79EFBC}") = "MicroRabbit.Transfer.Data", "MicroRabbit.Transfer.Data\MicroRabbit.Transfer.Data.csproj", "{1B431C2A-3EF9-448B-B68A-3EEE08C4A503}"
EndProject
Project("{FAE04EC0-301F-11D3-BF4B-00C04F79EFBC}") = "MicroRabbit.Transfer.Domain", "MicroRabbit.Transfer.Domain\MicroRabbit.Transfer.Domain.csproj", "{65C10C0D-5D04-4DC5-BFDF-AD561ECD85C5}"
EndProject
Global
	GlobalSection(SolutionConfigurationPlatforms) = preSolution
		Debug|Any CPU = Debug|Any CPU
		Release|Any CPU = Release|Any CPU
	EndGlobalSection
	GlobalSection(ProjectConfigurationPlatforms) = postSolution
		{0D3D4541-C311-46C8-A0D2-7CCF7E3B2B6B}.Debug|Any CPU.ActiveCfg = Debug|Any CPU
		{0D3D4541-C311-46C8-A0D2-7CCF7E3B2B6B}.Debug|Any CPU.Build.0 = Debug|Any CPU
		{0D3D4541-C311-46C8-A0D2-7CCF7E3B2B6B}.Release|Any CPU.ActiveCfg = Release|Any CPU
		{0D3D4541-C311-46C8-A0D2-7CCF7E3B2B6B}.Release|Any CPU.Build.0 = Release|Any CPU
		{28FBC631-5CD1-4225-9063-664FE509C0F3}.Debug|Any CPU.ActiveCfg = Debug|Any CPU
		{28FBC631-5CD1-4225-9063-664FE509C0F3}.Debug|Any CPU.Build.0 = Debug|Any CPU
		{28FBC631-5CD1-4225-9063-664FE509C0F3}.Release|Any CPU.ActiveCfg = Release|Any CPU
		{28FBC631-5CD1-4225-9063-664FE509C0F3}.Release|Any CPU.Build.0 = Release|Any CPU
		{599D691B-1F82-4E06-AD04-5FD237A1675B}.Debug|Any CPU.ActiveCfg = Debug|Any CPU
		{599D691B-1F82-4E06-AD04-5FD237A1675B}.Debug|Any CPU.Build.0 = Debug|Any CPU
		{599D691B-1F82-4E06-AD04-5FD237A1675B}.Release|Any CPU.ActiveCfg = Release|Any CPU
		{599D691B-1F82-4E06-AD04-5FD237A1675B}.Release|Any CPU.Build.0 = Release|Any CPU
		{C56595A4-06F1-4F6B-92FF-3BE33594B1E6}.Debug|Any CPU.ActiveCfg = Debug|Any CPU
		{C56595A4-06F1-4F6B-92FF-3BE33594B1E6}.Debug|Any CPU.Build.0 = Debug|Any CPU
		{C56595A4-06F1-4F6B-92FF-3BE33594B1E6}.Release|Any CPU.ActiveCfg = Release|Any CPU
		{C56595A4-06F1-4F6B-92FF-3BE33594B1E6}.Release|Any CPU.Build.0 = Release|Any CPU
		{93A8744D-2B6A-475C-A866-C0D59226EB97}.Debug|Any CPU.ActiveCfg = Debug|Any CPU
		{93A8744D-2B6A-475C-A866-C0D59226EB97}.Debug|Any CPU.Build.0 = Debug|Any CPU
		{93A8744D-2B6A-475C-A866-C0D59226EB97}.Release|Any CPU.ActiveCfg = Release|Any CPU
		{93A8744D-2B6A-475C-A866-C0D59226EB97}.Release|Any CPU.Build.0 = Release|Any CPU
		{A40E96BA-FF24-41AA-8E6F-99B75C564F41}.Debug|Any CPU.ActiveCfg = Debug|Any CPU
		{A40E96BA-FF24-41AA-8E6F-99B75C564F41}.Debug|Any CPU.Build.0 = Debug|Any CPU
		{A40E96BA-FF24-41AA-8E6F-99B75C564F41}.Release|Any CPU.ActiveCfg = Release|Any CPU
		{A40E96BA-FF24-41AA-8E6F-99B75C564F41}.Release|Any CPU.Build.0 = Release|Any CPU
		{9A046DA0-532E-4352-B9E4-064CEF6D60C0}.Debug|Any CPU.ActiveCfg = Debug|Any CPU
		{9A046DA0-532E-4352-B9E4-064CEF6D60C0}.Debug|Any CPU.Build.0 = Debug|Any CPU
		{9A046DA0-532E-4352-B9E4-064CEF6D60C0}.Release|Any CPU.ActiveCfg = Release|Any CPU
		{9A046DA0-532E-4352-B9E4-064CEF6D60C0}.Release|Any CPU.Build.0 = Release|Any CPU
		{44F6D7F1-21E4-4283-901E-1CC385FF83FB}.Debug|Any CPU.ActiveCfg = Debug|Any CPU
		{44F6D7F1-21E4-4283-901E-1CC385FF83FB}.Debug|Any CPU.Build.0 = Debug|Any CPU
		{44F6D7F1-21E4-4283-901E-1CC385FF83FB}.Release|Any CPU.ActiveCfg = Release|Any CPU
		{44F6D7F1-21E4-4283-901E-1CC385FF83FB}.Release|Any CPU.Build.0 = Release|Any CPU
		{0D245D90-1457-4F81-A858-1DC9463C9310}.Debug|Any CPU.ActiveCfg = Debug|Any CPU
		{0D245D90-1457-4F81-A858-1DC9463C9310}.Debug|Any CPU.Build.0 = Debug|Any CPU
		{0D245D90-1457-4F81-A858-1DC9463C9310}.Release|Any CPU.ActiveCfg = Release|Any CPU
		{0D245D90-1457-4F81-A858-1DC9463C9310}.Release|Any CPU.Build.0 = Release|Any CPU
		{1B431C2A-3EF9-448B-B68A-3EEE08C4A503}.Debug|Any CPU.ActiveCfg = Debug|Any CPU
		{1B431C2A-3EF9-448B-B68A-3EEE08C4A503}.Debug|Any CPU.Build.0 = Debug|Any CPU
		{1B431C2A-3EF9-448B-B68A-3EEE08C4A503}.Release|Any CPU.ActiveCfg = Release|Any CPU
		{1B431C2A-3EF9-448B-B68A-3EEE08C4A503}.Release|Any CPU.Build.0 = Release|Any CPU
		{65C10C0D-5D04-4DC5-BFDF-AD561ECD85C5}.Debug|Any CPU.ActiveCfg = Debug|Any CPU
		{65C10C0D-5D04-4DC5-BFDF-AD561ECD85C5}.Debug|Any CPU.Build.0 = Debug|Any CPU
		{65C10C0D-5D04-4DC5-BFDF-AD561ECD85C5}.Release|Any CPU.ActiveCfg = Release|Any CPU
		{65C10C0D-5D04-4DC5-BFDF-AD561ECD85C5}.Release|Any CPU.Build.0 = Release|Any CPU
	EndGlobalSection
	GlobalSection(SolutionProperties) = preSolution
		HideSolutionNode = FALSE
	EndGlobalSection
	GlobalSection(NestedProjects) = preSolution
		{AF925C7C-4532-4959-96DE-BFFCE1D8ED53} = {40F2B7D6-D171-4250-AE35-D7DD4BEC1AC0}
		{1C1BD12E-474B-4D58-9BEB-7C4692C51AB4} = {AF925C7C-4532-4959-96DE-BFFCE1D8ED53}
		{231F5D07-B28E-4E3B-AA1B-225DA90E7BC5} = {AF925C7C-4532-4959-96DE-BFFCE1D8ED53}
		{575E2C08-1F50-498F-931C-718CEE39E4A7} = {AF925C7C-4532-4959-96DE-BFFCE1D8ED53}
		{A918742E-EA6C-4935-8535-E6E709422959} = {AF925C7C-4532-4959-96DE-BFFCE1D8ED53}
		{0D3D4541-C311-46C8-A0D2-7CCF7E3B2B6B} = {1C1BD12E-474B-4D58-9BEB-7C4692C51AB4}
		{28FBC631-5CD1-4225-9063-664FE509C0F3} = {231F5D07-B28E-4E3B-AA1B-225DA90E7BC5}
		{599D691B-1F82-4E06-AD04-5FD237A1675B} = {A918742E-EA6C-4935-8535-E6E709422959}
		{C56595A4-06F1-4F6B-92FF-3BE33594B1E6} = {575E2C08-1F50-498F-931C-718CEE39E4A7}
		{93A8744D-2B6A-475C-A866-C0D59226EB97} = {11FAB271-E03A-4741-BE1E-E21D7089C52E}
		{A40E96BA-FF24-41AA-8E6F-99B75C564F41} = {580D87B0-1646-418B-AD08-027678821E5C}
		{9A046DA0-532E-4352-B9E4-064CEF6D60C0} = {DD388E94-DB2A-449B-9E1E-95BC294D5E83}
		{3D0035D3-ED2F-4709-BC6C-EE450E88A954} = {40F2B7D6-D171-4250-AE35-D7DD4BEC1AC0}
		{5EFE7E21-3661-4C6C-B483-3B3987410695} = {3D0035D3-ED2F-4709-BC6C-EE450E88A954}
		{422D4E4C-3118-4EA0-86F9-70FCC720F55C} = {3D0035D3-ED2F-4709-BC6C-EE450E88A954}
		{00D19498-CEFA-4F50-807C-DE653ADFCB56} = {3D0035D3-ED2F-4709-BC6C-EE450E88A954}
		{F382E587-C888-4F0C-8505-87C5E28B3B27} = {3D0035D3-ED2F-4709-BC6C-EE450E88A954}
		{44F6D7F1-21E4-4283-901E-1CC385FF83FB} = {5EFE7E21-3661-4C6C-B483-3B3987410695}
		{0D245D90-1457-4F81-A858-1DC9463C9310} = {422D4E4C-3118-4EA0-86F9-70FCC720F55C}
		{1B431C2A-3EF9-448B-B68A-3EEE08C4A503} = {00D19498-CEFA-4F50-807C-DE653ADFCB56}
		{65C10C0D-5D04-4DC5-BFDF-AD561ECD85C5} = {F382E587-C888-4F0C-8505-87C5E28B3B27}
	EndGlobalSection
	GlobalSection(ExtensibilityGlobals) = postSolution
		SolutionGuid = {17FF3136-577F-40F1-BC83-D29B3890D766}
	EndGlobalSection
EndGlobal
